{
  "version": 4,
  "terraform_version": "1.3.4",
  "serial": 27,
  "lineage": "33b62666-9f67-38a0-6d86-e9ae626f2027",
  "outputs": {
    "function_app_default_hostname": {
      "value": "azuretffunc-dev-function-app2.azurewebsites.net",
      "type": "string"
    },
    "function_app_name": {
      "value": "azuretffunc-dev-function-app2",
      "type": "string"
    }
  },
  "resources": [
    {
      "mode": "managed",
      "type": "azurerm_application_insights",
      "name": "application_insights",
      "provider": "provider[\"registry.terraform.io/hashicorp/azurerm\"]",
      "instances": [
        {
          "schema_version": 1,
          "attributes": {
            "app_id": "da5ea0b8-c91a-4fa7-a514-d14972581893",
            "application_type": "Node.JS",
            "connection_string": "InstrumentationKey=682bf35d-7b4c-4516-914c-b5ad70794dc3;IngestionEndpoint=https://westeurope-2.in.applicationinsights.azure.com/;LiveEndpoint=https://westeurope.livediagnostics.monitor.azure.com/",
            "daily_data_cap_in_gb": 100,
            "daily_data_cap_notifications_disabled": false,
            "disable_ip_masking": false,
            "force_customer_storage_for_profiler": false,
            "id": "/subscriptions/b7c73436-9bc8-446a-9efe-1706cd6ef53e/resourceGroups/azuretffunc-dev-resource-group/providers/Microsoft.Insights/components/azuretffunc-dev-application-insights",
            "instrumentation_key": "682bf35d-7b4c-4516-914c-b5ad70794dc3",
            "internet_ingestion_enabled": true,
            "internet_query_enabled": true,
            "local_authentication_disabled": false,
            "location": "westeurope",
            "name": "azuretffunc-dev-application-insights",
            "resource_group_name": "azuretffunc-dev-resource-group",
            "retention_in_days": 90,
            "sampling_percentage": 100,
            "tags": {},
            "timeouts": null,
            "workspace_id": ""
          },
          "sensitive_attributes": [],
          "private": "eyJlMmJmYjczMC1lY2FhLTExZTYtOGY4OC0zNDM2M2JjN2M0YzAiOnsiY3JlYXRlIjozNjAwMDAwMDAwMDAwLCJkZWxldGUiOjE4MDAwMDAwMDAwMDAsInJlYWQiOjMwMDAwMDAwMDAwMCwidXBkYXRlIjoxODAwMDAwMDAwMDAwfSwic2NoZW1hX3ZlcnNpb24iOiIxIn0=",
          "dependencies": [
            "azurerm_resource_group.resource_group"
          ]
        }
      ]
    },
    {
      "mode": "managed",
      "type": "azurerm_linux_function_app",
      "name": "function_app",
      "provider": "provider[\"registry.terraform.io/hashicorp/azurerm\"]",
      "instances": [
        {
          "schema_version": 0,
          "attributes": {
            "app_settings": {
              "FUNCTIONS_WORKER_RUNTIME": "node"
            },
            "auth_settings": [],
            "auth_settings_v2": [],
            "backup": [],
            "builtin_logging_enabled": true,
            "client_certificate_enabled": false,
            "client_certificate_exclusion_paths": "",
            "client_certificate_mode": "Optional",
            "connection_string": [],
            "content_share_force_disabled": false,
            "custom_domain_verification_id": "4B3FB108859B9874859A8DC5C2FF372D7563B48A3A94E35DB167F6ECFBFA7B3D",
            "daily_memory_time_quota": 0,
            "default_hostname": "azuretffunc-dev-function-app2.azurewebsites.net",
            "enabled": true,
            "functions_extension_version": "~4",
            "hosting_environment_id": "",
            "https_only": false,
            "id": "/subscriptions/b7c73436-9bc8-446a-9efe-1706cd6ef53e/resourceGroups/azuretffunc-dev-resource-group/providers/Microsoft.Web/sites/azuretffunc-dev-function-app2",
            "identity": [],
            "key_vault_reference_identity_id": "SystemAssigned",
            "kind": "functionapp,linux",
            "location": "westeurope",
            "name": "azuretffunc-dev-function-app2",
            "outbound_ip_address_list": [
              "20.71.74.95",
              "20.71.74.129",
              "20.71.74.148",
              "20.71.74.181",
              "20.71.74.220",
              "20.71.74.237",
              "20.50.2.25"
            ],
            "outbound_ip_addresses": "20.71.74.95,20.71.74.129,20.71.74.148,20.71.74.181,20.71.74.220,20.71.74.237,20.50.2.25",
            "possible_outbound_ip_address_list": [
              "20.71.74.37",
              "20.71.74.40",
              "20.71.74.43",
              "20.71.74.67",
              "20.71.74.78",
              "20.71.74.89",
              "20.71.74.95",
              "20.71.74.129",
              "20.71.74.148",
              "20.71.74.181",
              "20.71.74.220",
              "20.71.74.237",
              "20.71.74.243",
              "20.71.75.43",
              "20.71.75.50",
              "20.71.75.82",
              "20.71.75.86",
              "20.71.75.95",
              "40.114.184.22",
              "40.114.184.106",
              "40.114.184.110",
              "51.136.74.99",
              "51.105.226.174",
              "40.114.186.111",
              "20.50.2.25"
            ],
            "possible_outbound_ip_addresses": "20.71.74.37,20.71.74.40,20.71.74.43,20.71.74.67,20.71.74.78,20.71.74.89,20.71.74.95,20.71.74.129,20.71.74.148,20.71.74.181,20.71.74.220,20.71.74.237,20.71.74.243,20.71.75.43,20.71.75.50,20.71.75.82,20.71.75.86,20.71.75.95,40.114.184.22,40.114.184.106,40.114.184.110,51.136.74.99,51.105.226.174,40.114.186.111,20.50.2.25",
            "resource_group_name": "azuretffunc-dev-resource-group",
            "service_plan_id": "/subscriptions/b7c73436-9bc8-446a-9efe-1706cd6ef53e/resourceGroups/azuretffunc-dev-resource-group/providers/Microsoft.Web/serverfarms/azuretffunc-dev-service-plan",
            "site_config": [
              {
                "always_on": false,
                "api_definition_url": "",
                "api_management_api_id": "",
                "app_command_line": "",
                "app_scale_limit": 0,
                "app_service_logs": [],
                "application_insights_connection_string": "",
                "application_insights_key": "682bf35d-7b4c-4516-914c-b5ad70794dc3",
                "application_stack": [
                  {
                    "docker": [],
                    "dotnet_version": "",
                    "java_version": "",
                    "node_version": "18",
                    "powershell_core_version": "",
                    "python_version": "",
                    "use_custom_runtime": false,
                    "use_dotnet_isolated_runtime": false
                  }
                ],
                "container_registry_managed_identity_client_id": "",
                "container_registry_use_managed_identity": false,
                "cors": [],
                "default_documents": [
                  "Default.htm",
                  "Default.html",
                  "Default.asp",
                  "index.htm",
                  "index.html",
                  "iisstart.htm",
                  "default.aspx",
                  "index.php"
                ],
                "detailed_error_logging_enabled": false,
                "elastic_instance_minimum": 0,
                "ftps_state": "Disabled",
                "health_check_eviction_time_in_min": 0,
                "health_check_path": "",
                "http2_enabled": false,
                "ip_restriction": [],
                "linux_fx_version": "NODE|18",
                "load_balancing_mode": "LeastRequests",
                "managed_pipeline_mode": "Integrated",
                "minimum_tls_version": "1.2",
                "pre_warmed_instance_count": 0,
                "remote_debugging_enabled": false,
                "remote_debugging_version": "",
                "runtime_scale_monitoring_enabled": false,
                "scm_ip_restriction": [],
                "scm_minimum_tls_version": "1.2",
                "scm_type": "None",
                "scm_use_main_ip_restriction": false,
                "use_32_bit_worker": false,
                "vnet_route_all_enabled": false,
                "websockets_enabled": false,
                "worker_count": 1
              }
            ],
            "site_credential": [
              {
                "name": "$azuretffunc-dev-function-app2",
                "password": "qsq1e0hQM2S9odCeArqLuvgqgNil0LAeFTMswWJ8iew4oMcrgx1nk8TxpvfP"
              }
            ],
            "sticky_settings": [],
            "storage_account": [],
            "storage_account_access_key": "v+xqQcaUQJSJAmyzZTn0+q7uqElJSg5QY19fnM2hJer8wEsHp3rrNgkYAQaFqGBpKAA285x7jP0R+AStQgM8vA==",
            "storage_account_name": "azuretffuncdevstorage2",
            "storage_key_vault_secret_id": "",
            "storage_uses_managed_identity": false,
            "tags": {},
            "timeouts": null,
            "virtual_network_subnet_id": "",
            "zip_deploy_file": ""
          },
          "sensitive_attributes": [
            [
              {
                "type": "get_attr",
                "value": "storage_account_access_key"
              }
            ]
          ],
          "private": "eyJlMmJmYjczMC1lY2FhLTExZTYtOGY4OC0zNDM2M2JjN2M0YzAiOnsiY3JlYXRlIjoxODAwMDAwMDAwMDAwLCJkZWxldGUiOjE4MDAwMDAwMDAwMDAsInJlYWQiOjMwMDAwMDAwMDAwMCwidXBkYXRlIjoxODAwMDAwMDAwMDAwfX0=",
          "dependencies": [
            "azurerm_application_insights.application_insights",
            "azurerm_resource_group.resource_group",
            "azurerm_service_plan.app_service_plan",
            "azurerm_storage_account.storage_account"
          ]
        }
      ]
    },
    {
      "mode": "managed",
      "type": "azurerm_resource_group",
      "name": "resource_group",
      "provider": "provider[\"registry.terraform.io/hashicorp/azurerm\"]",
      "instances": [
        {
          "schema_version": 0,
          "attributes": {
            "id": "/subscriptions/b7c73436-9bc8-446a-9efe-1706cd6ef53e/resourceGroups/azuretffunc-dev-resource-group",
            "location": "westeurope",
            "name": "azuretffunc-dev-resource-group",
            "tags": {},
            "timeouts": null
          },
          "sensitive_attributes": [],
          "private": "eyJlMmJmYjczMC1lY2FhLTExZTYtOGY4OC0zNDM2M2JjN2M0YzAiOnsiY3JlYXRlIjo1NDAwMDAwMDAwMDAwLCJkZWxldGUiOjU0MDAwMDAwMDAwMDAsInJlYWQiOjMwMDAwMDAwMDAwMCwidXBkYXRlIjo1NDAwMDAwMDAwMDAwfX0="
        }
      ]
    },
    {
      "mode": "managed",
      "type": "azurerm_service_plan",
      "name": "app_service_plan",
      "provider": "provider[\"registry.terraform.io/hashicorp/azurerm\"]",
      "instances": [
        {
          "schema_version": 0,
          "attributes": {
            "app_service_environment_id": "",
            "id": "/subscriptions/b7c73436-9bc8-446a-9efe-1706cd6ef53e/resourceGroups/azuretffunc-dev-resource-group/providers/Microsoft.Web/serverfarms/azuretffunc-dev-service-plan",
            "kind": "linux",
            "location": "westeurope",
            "maximum_elastic_worker_count": 1,
            "name": "azuretffunc-dev-service-plan",
            "os_type": "Linux",
            "per_site_scaling_enabled": false,
            "reserved": true,
            "resource_group_name": "azuretffunc-dev-resource-group",
            "sku_name": "P1v2",
            "tags": {},
            "timeouts": null,
            "worker_count": 1,
            "zone_balancing_enabled": false
          },
          "sensitive_attributes": [],
          "private": "eyJlMmJmYjczMC1lY2FhLTExZTYtOGY4OC0zNDM2M2JjN2M0YzAiOnsiY3JlYXRlIjozNjAwMDAwMDAwMDAwLCJkZWxldGUiOjM2MDAwMDAwMDAwMDAsInJlYWQiOjMwMDAwMDAwMDAwMCwidXBkYXRlIjozNjAwMDAwMDAwMDAwfX0=",
          "dependencies": [
            "azurerm_resource_group.resource_group"
          ]
        }
      ]
    },
    {
      "mode": "managed",
      "type": "azurerm_storage_account",
      "name": "storage_account",
      "provider": "provider[\"registry.terraform.io/hashicorp/azurerm\"]",
      "instances": [
        {
          "schema_version": 3,
          "attributes": {
            "access_tier": "Hot",
            "account_kind": "StorageV2",
            "account_replication_type": "LRS",
            "account_tier": "Standard",
            "allow_nested_items_to_be_public": true,
            "allowed_copy_scope": "",
            "azure_files_authentication": [],
            "blob_properties": [
              {
                "change_feed_enabled": false,
                "change_feed_retention_in_days": 0,
                "container_delete_retention_policy": [],
                "cors_rule": [],
                "default_service_version": "",
                "delete_retention_policy": [],
                "last_access_time_enabled": false,
                "restore_policy": [],
                "versioning_enabled": false
              }
            ],
            "cross_tenant_replication_enabled": true,
            "custom_domain": [],
            "customer_managed_key": [],
            "default_to_oauth_authentication": false,
            "edge_zone": "",
            "enable_https_traffic_only": true,
            "id": "/subscriptions/b7c73436-9bc8-446a-9efe-1706cd6ef53e/resourceGroups/azuretffunc-dev-resource-group/providers/Microsoft.Storage/storageAccounts/azuretffuncdevstorage2",
            "identity": [],
            "immutability_policy": [],
            "infrastructure_encryption_enabled": false,
            "is_hns_enabled": false,
            "large_file_share_enabled": null,
            "location": "westeurope",
            "min_tls_version": "TLS1_2",
            "name": "azuretffuncdevstorage2",
            "network_rules": [
              {
                "bypass": [
                  "AzureServices"
                ],
                "default_action": "Allow",
                "ip_rules": [],
                "private_link_access": [],
                "virtual_network_subnet_ids": []
              }
            ],
            "nfsv3_enabled": false,
            "primary_access_key": "v+xqQcaUQJSJAmyzZTn0+q7uqElJSg5QY19fnM2hJer8wEsHp3rrNgkYAQaFqGBpKAA285x7jP0R+AStQgM8vA==",
            "primary_blob_connection_string": "DefaultEndpointsProtocol=https;BlobEndpoint=https://azuretffuncdevstorage2.blob.core.windows.net/;AccountName=azuretffuncdevstorage2;AccountKey=v+xqQcaUQJSJAmyzZTn0+q7uqElJSg5QY19fnM2hJer8wEsHp3rrNgkYAQaFqGBpKAA285x7jP0R+AStQgM8vA==",
            "primary_blob_endpoint": "https://azuretffuncdevstorage2.blob.core.windows.net/",
            "primary_blob_host": "azuretffuncdevstorage2.blob.core.windows.net",
            "primary_connection_string": "DefaultEndpointsProtocol=https;AccountName=azuretffuncdevstorage2;AccountKey=v+xqQcaUQJSJAmyzZTn0+q7uqElJSg5QY19fnM2hJer8wEsHp3rrNgkYAQaFqGBpKAA285x7jP0R+AStQgM8vA==;EndpointSuffix=core.windows.net",
            "primary_dfs_endpoint": "https://azuretffuncdevstorage2.dfs.core.windows.net/",
            "primary_dfs_host": "azuretffuncdevstorage2.dfs.core.windows.net",
            "primary_file_endpoint": "https://azuretffuncdevstorage2.file.core.windows.net/",
            "primary_file_host": "azuretffuncdevstorage2.file.core.windows.net",
            "primary_location": "westeurope",
            "primary_queue_endpoint": "https://azuretffuncdevstorage2.queue.core.windows.net/",
            "primary_queue_host": "azuretffuncdevstorage2.queue.core.windows.net",
            "primary_table_endpoint": "https://azuretffuncdevstorage2.table.core.windows.net/",
            "primary_table_host": "azuretffuncdevstorage2.table.core.windows.net",
            "primary_web_endpoint": "https://azuretffuncdevstorage2.z6.web.core.windows.net/",
            "primary_web_host": "azuretffuncdevstorage2.z6.web.core.windows.net",
            "public_network_access_enabled": true,
            "queue_encryption_key_type": "Service",
            "queue_properties": [
              {
                "cors_rule": [],
                "hour_metrics": [
                  {
                    "enabled": true,
                    "include_apis": true,
                    "retention_policy_days": 7,
                    "version": "1.0"
                  }
                ],
                "logging": [
                  {
                    "delete": false,
                    "read": false,
                    "retention_policy_days": 0,
                    "version": "1.0",
                    "write": false
                  }
                ],
                "minute_metrics": [
                  {
                    "enabled": false,
                    "include_apis": false,
                    "retention_policy_days": 0,
                    "version": "1.0"
                  }
                ]
              }
            ],
            "resource_group_name": "azuretffunc-dev-resource-group",
            "routing": [],
            "sas_policy": [],
            "secondary_access_key": "lim9OIoOZ2PczdrjQhRduKytnPG78TpkpwKcom6HPuFiXpmIhQxdyPkqX5Kict1B4FbBJ6fquqUT+AStpKny4A==",
            "secondary_blob_connection_string": "",
            "secondary_blob_endpoint": null,
            "secondary_blob_host": null,
            "secondary_connection_string": "DefaultEndpointsProtocol=https;AccountName=azuretffuncdevstorage2;AccountKey=lim9OIoOZ2PczdrjQhRduKytnPG78TpkpwKcom6HPuFiXpmIhQxdyPkqX5Kict1B4FbBJ6fquqUT+AStpKny4A==;EndpointSuffix=core.windows.net",
            "secondary_dfs_endpoint": null,
            "secondary_dfs_host": null,
            "secondary_file_endpoint": null,
            "secondary_file_host": null,
            "secondary_location": "",
            "secondary_queue_endpoint": null,
            "secondary_queue_host": null,
            "secondary_table_endpoint": null,
            "secondary_table_host": null,
            "secondary_web_endpoint": null,
            "secondary_web_host": null,
            "sftp_enabled": false,
            "share_properties": [
              {
                "cors_rule": [],
                "retention_policy": [
                  {
                    "days": 7
                  }
                ],
                "smb": []
              }
            ],
            "shared_access_key_enabled": true,
            "static_website": [],
            "table_encryption_key_type": "Service",
            "tags": {},
            "timeouts": null
          },
          "sensitive_attributes": [],
          "private": "eyJlMmJmYjczMC1lY2FhLTExZTYtOGY4OC0zNDM2M2JjN2M0YzAiOnsiY3JlYXRlIjozNjAwMDAwMDAwMDAwLCJkZWxldGUiOjM2MDAwMDAwMDAwMDAsInJlYWQiOjMwMDAwMDAwMDAwMCwidXBkYXRlIjozNjAwMDAwMDAwMDAwfSwic2NoZW1hX3ZlcnNpb24iOiIzIn0=",
          "dependencies": [
            "azurerm_resource_group.resource_group"
          ]
        }
      ]
    }
  ],
  "check_results": null
}
